lockfileVersion: '9.0'

settings:
  autoInstallPeers: true
  excludeLinksFromLockfile: false

importers:

  .: {}

  packages/core:
    dependencies:
      '@bufbuild/protobuf':
        specifier: ^2.10.2
        version: 2.10.2
    devDependencies:
      '@bufbuild/buf':
        specifier: ^1.63.0
        version: 1.63.0
      '@bufbuild/protoc-gen-es':
        specifier: ^2.10.2
        version: 2.10.2(@bufbuild/protobuf@2.10.2)
      '@types/webrtc':
        specifier: ^0.0.47
        version: 0.0.47
      typescript:
        specifier: ~5.9.3
        version: 5.9.3

packages:

  '@bufbuild/buf-darwin-arm64@1.63.0':
    resolution: {integrity: sha512-Jpbz2mnNO+23E3TmDgLdbYuF+ozqsKu/ASvD37RjDgp9HtqQT+ciJMYOzqd/HdrGiM9tWYN1vhjl/gP/Y23lIw==}
    engines: {node: '>=12'}
    cpu: [arm64]
    os: [darwin]

  '@bufbuild/buf-darwin-x64@1.63.0':
    resolution: {integrity: sha512-HkVMm2cOBnTtT+AZFAQAUyrwcXtnvaBtVCW0ltBi5PzLp6CNgmkH97OAROKWiNPWrXJh5thdhdZBNjGPyTfX3w==}
    engines: {node: '>=12'}
    cpu: [x64]
    os: [darwin]

  '@bufbuild/buf-linux-aarch64@1.63.0':
    resolution: {integrity: sha512-vFeFKzC+PZSngct0bP3ASGCus7qhBPFxSfz6Hi+3a2zAajn857iJC3iPiX0tRlRIUTOHuj5NmOYxg9dhev0vDw==}
    engines: {node: '>=12'}
    cpu: [arm64]
    os: [linux]

  '@bufbuild/buf-linux-armv7@1.63.0':
    resolution: {integrity: sha512-XbrRiOfeY3d/GmR+WNnkcDo480V+cz/ecfj/Ay/JO/ZLe7quEQqHmJ6dMcIQN8QNFPZBKv0IVyhhljh8+0/gkA==}
    engines: {node: '>=12'}
    cpu: [arm]
    os: [linux]

  '@bufbuild/buf-linux-x64@1.63.0':
    resolution: {integrity: sha512-78TsMWxQ7Rn4FJPN4QZZDM3NTS1U5ZCcwLYJmwOLJbHyfYnFiC1e91yL6sVfYrWXF1Pt9xJZU50yhmJZ+9AtmA==}
    engines: {node: '>=12'}
    cpu: [x64]
    os: [linux]

  '@bufbuild/buf-win32-arm64@1.63.0':
    resolution: {integrity: sha512-sMZ63kK+MuxZVBFAh95Woly9QmeApohgQoWvO9ZppTzNXya7Kznz5lqa0B7f3zfDxgy2/DmOXILOMn3n8GoAww==}
    engines: {node: '>=12'}
    cpu: [arm64]
    os: [win32]

  '@bufbuild/buf-win32-x64@1.63.0':
    resolution: {integrity: sha512-ooY4o3XPpvJ6BEOWB18pc52beeB9NdRRHMINuZ1oef3HNsFqtbv7DrPX9vm/mmOkzbTQDa8m7M8bjWjBO9ynkg==}
    engines: {node: '>=12'}
    cpu: [x64]
    os: [win32]

  '@bufbuild/buf@1.63.0':
    resolution: {integrity: sha512-SvYWiCs9J8tX8qIh1haNJEwM0MmyauSFDDksHL4wtPjeXcEj+SMvWudIn8KdWoiFbNDY98phn4sqZQ4F6uViPQ==}
    engines: {node: '>=12'}
    hasBin: true

  '@bufbuild/protobuf@2.10.2':
    resolution: {integrity: sha512-uFsRXwIGyu+r6AMdz+XijIIZJYpoWeYzILt5yZ2d3mCjQrWUTVpVD9WL/jZAbvp+Ed04rOhrsk7FiTcEDseB5A==}

  '@bufbuild/protoc-gen-es@2.10.2':
    resolution: {integrity: sha512-vbjPsuofbtZwZXuOP7Y16CQsxrwCjuRONffmJSBEhoC7PQu/Cabp0+Fu/poLPm9CNM0tDCQA0xvgobgudaEYxQ==}
    engines: {node: '>=20'}
    hasBin: true
    peerDependencies:
      '@bufbuild/protobuf': 2.10.2
    peerDependenciesMeta:
      '@bufbuild/protobuf':
        optional: true

  '@bufbuild/protoplugin@2.10.2':
    resolution: {integrity: sha512-RAWVs9tCzRqSS3tUtaFhOcauOAazCrm7tlGh0WHFq/44n5Fj6YgefdlZEPIaAK6VAA+FdOoFgtOJK2Ji5U24pw==}

  '@types/webrtc@0.0.47':
    resolution: {integrity: sha512-l4G2skp32Q7ENiocokNhIHG6dKfws9ALJ04zW+ZZ97LMe6G+yqs/E8qsJLZJELGcdUDgEWvi2jg7KSP5TpJxeg==}

  '@typescript/vfs@1.6.2':
    resolution: {integrity: sha512-hoBwJwcbKHmvd2QVebiytN1aELvpk9B74B4L1mFm/XT1Q/VOYAWl2vQ9AWRFtQq8zmz6enTpfTV8WRc4ATjW/g==}
    peerDependencies:
      typescript: '*'

  debug@4.4.3:
    resolution: {integrity: sha512-RGwwWnwQvkVfavKVt22FGLw+xYSdzARwm0ru6DhTVA3umU5hZc28V3kO4stgYryrTlLpuvgI9GiijltAjNbcqA==}
    engines: {node: '>=6.0'}
    peerDependencies:
      supports-color: '*'
    peerDependenciesMeta:
      supports-color:
        optional: true

  ms@2.1.3:
    resolution: {integrity: sha512-6FlzubTLZG3J2a/NVCAleEhjzq5oxgHyaCU9yYXvcLsvoVaHJq/s5xXI6/XXP6tz7R9xAOtHnSO/tXtF3WRTlA==}

  typescript@5.4.5:
    resolution: {integrity: sha512-vcI4UpRgg81oIRUFwR0WSIHKt11nJ7SAVlYNIu+QpqeyXP+gpQJy/Z4+F0aGxSE4MqwjyXvW/TzgkLAx2AGHwQ==}
    engines: {node: '>=14.17'}
    hasBin: true

  typescript@5.9.3:
    resolution: {integrity: sha512-jl1vZzPDinLr9eUt3J/t7V6FgNEw9QjvBPdysz9KfQDD41fQrC2Y4vKQdiaUpFT4bXlb1RHhLpp8wtm6M5TgSw==}
    engines: {node: '>=14.17'}
    hasBin: true

snapshots:

  '@bufbuild/buf-darwin-arm64@1.63.0':
    optional: true

  '@bufbuild/buf-darwin-x64@1.63.0':
    optional: true

  '@bufbuild/buf-linux-aarch64@1.63.0':
    optional: true

  '@bufbuild/buf-linux-armv7@1.63.0':
    optional: true

  '@bufbuild/buf-linux-x64@1.63.0':
    optional: true

  '@bufbuild/buf-win32-arm64@1.63.0':
    optional: true

  '@bufbuild/buf-win32-x64@1.63.0':
    optional: true

  '@bufbuild/buf@1.63.0':
    optionalDependencies:
      '@bufbuild/buf-darwin-arm64': 1.63.0
      '@bufbuild/buf-darwin-x64': 1.63.0
      '@bufbuild/buf-linux-aarch64': 1.63.0
      '@bufbuild/buf-linux-armv7': 1.63.0
      '@bufbuild/buf-linux-x64': 1.63.0
      '@bufbuild/buf-win32-arm64': 1.63.0
      '@bufbuild/buf-win32-x64': 1.63.0

  '@bufbuild/protobuf@2.10.2': {}

  '@bufbuild/protoc-gen-es@2.10.2(@bufbuild/protobuf@2.10.2)':
    dependencies:
      '@bufbuild/protoplugin': 2.10.2
    optionalDependencies:
      '@bufbuild/protobuf': 2.10.2
    transitivePeerDependencies:
      - supports-color

  '@bufbuild/protoplugin@2.10.2':
    dependencies:
      '@bufbuild/protobuf': 2.10.2
      '@typescript/vfs': 1.6.2(typescript@5.4.5)
      typescript: 5.4.5
    transitivePeerDependencies:
      - supports-color

  '@types/webrtc@0.0.47': {}

  '@typescript/vfs@1.6.2(typescript@5.4.5)':
    dependencies:
      debug: 4.4.3
      typescript: 5.4.5
    transitivePeerDependencies:
      - supports-color

  debug@4.4.3:
    dependencies:
      ms: 2.1.3

  ms@2.1.3: {}

  typescript@5.4.5: {}

  typescript@5.9.3: {}
